
Microsoft Visual Studio Solution File, Format Version 12.00
# Visual Studio Version 17
VisualStudioVersion = 17.1.32421.90
MinimumVisualStudioVersion = 10.0.40219.1
Project("{FAE04EC0-301F-11D3-BF4B-00C04F79EFBC}") = "CRMApp", "CRMApp\CRMApp.csproj", "{EBD3CDCF-DD52-4E69-AB2E-48B112BD9D19}"
EndProject
Global
	GlobalSection(SolutionConfigurationPlatforms) = preSolution
		Debug|Any CPU = Debug|Any CPU
		Release|Any CPU = Release|Any CPU
	EndGlobalSection
	GlobalSection(ProjectConfigurationPlatforms) = postSolution
		{EBD3CDCF-DD52-4E69-AB2E-48B112BD9D19}.Debug|Any CPU.ActiveCfg = Debug|Any CPU
		{EBD3CDCF-DD52-4E69-AB2E-48B112BD9D19}.Debug|Any CPU.Build.0 = Debug|Any CPU
		{EBD3CDCF-DD52-4E69-AB2E-48B112BD9D19}.Release|Any CPU.ActiveCfg = Release|Any CPU
		{EBD3CDCF-DD52-4E69-AB2E-48B112BD9D19}.Release|Any CPU.Build.0 = Release|Any CPU
	EndGlobalSection
	GlobalSection(SolutionProperties) = preSolution
		HideSolutionNode = FALSE
	EndGlobalSection
	GlobalSection(ExtensibilityGlobals) = postSolution
		SolutionGuid = {CEBA72EC-8688-48BF-A3AC-BFBB65B1D71D}
	EndGlobalSection
EndGlobal
